// !$*UTF8*$!
{
	archiveVersion = 1;
	classes = {
	};
	objectVersion = 46;
	objects = {

/* Begin PBXBuildFile section */
		28224A4F1F1DC53F004C9DEA /* main.swift in Sources */ = {isa = PBXBuildFile; fileRef = 28224A4E1F1DC53F004C9DEA /* main.swift */; };
		28224A561F1DC54E004C9DEA /* Interpretor.swift in Sources */ = {isa = PBXBuildFile; fileRef = 28224A551F1DC54E004C9DEA /* Interpretor.swift */; };
		28224A5A1F1DC7D6004C9DEA /* Button.swift in Sources */ = {isa = PBXBuildFile; fileRef = 28224A591F1DC7D6004C9DEA /* Button.swift */; };
		28224A5C1F1DD651004C9DEA /* Solver.swift in Sources */ = {isa = PBXBuildFile; fileRef = 28224A5B1F1DD651004C9DEA /* Solver.swift */; };
/* End PBXBuildFile section */

/* Begin PBXCopyFilesBuildPhase section */
		28224A491F1DC53F004C9DEA /* CopyFiles */ = {
			isa = PBXCopyFilesBuildPhase;
			buildActionMask = 2147483647;
			dstPath = /usr/share/man/man1/;
			dstSubfolderSpec = 0;
			files = (
			);
			runOnlyForDeploymentPostprocessing = 1;
		};
/* End PBXCopyFilesBuildPhase section */

/* Begin PBXFileReference section */
		28224A4B1F1DC53F004C9DEA /* Calculator Game */ = {isa = PBXFileReference; explicitFileType = "compiled.mach-o.executable"; includeInIndex = 0; path = "Calculator Game"; sourceTree = BUILT_PRODUCTS_DIR; };
		28224A4E1F1DC53F004C9DEA /* main.swift */ = {isa = PBXFileReference; lastKnownFileType = sourcecode.swift; path = main.swift; sourceTree = "<group>"; };
		28224A551F1DC54E004C9DEA /* Interpretor.swift */ = {isa = PBXFileReference; fileEncoding = 4; lastKnownFileType = sourcecode.swift; path = Interpretor.swift; sourceTree = "<group>"; };
		28224A591F1DC7D6004C9DEA /* Button.swift */ = {isa = PBXFileReference; fileEncoding = 4; lastKnownFileType = sourcecode.swift; path = Button.swift; sourceTree = "<group>"; };
		28224A5B1F1DD651004C9DEA /* Solver.swift */ = {isa = PBXFileReference; fileEncoding = 4; lastKnownFileType = sourcecode.swift; path = Solver.swift; sourceTree = "<group>"; };
/* End PBXFileReference section */

/* Begin PBXFrameworksBuildPhase section */
		28224A481F1DC53F004C9DEA /* Frameworks */ = {
			isa = PBXFrameworksBuildPhase;
			buildActionMask = 2147483647;
			files = (
			);
			runOnlyForDeploymentPostprocessing = 0;
		};
/* End PBXFrameworksBuildPhase section */

/* Begin PBXGroup section */
		28224A421F1DC53F004C9DEA = {
			isa = PBXGroup;
			children = (
				28224A4D1F1DC53F004C9DEA /* Calculator Game */,
				28224A4C1F1DC53F004C9DEA /* Products */,
			);
			sourceTree = "<group>";
		};
		28224A4C1F1DC53F004C9DEA /* Products */ = {
			isa = PBXGroup;
			children = (
				28224A4B1F1DC53F004C9DEA /* Calculator Game */,
			);
			name = Products;
			sourceTree = "<group>";
		};
		28224A4D1F1DC53F004C9DEA /* Calculator Game */ = {
			isa = PBXGroup;
			children = (
				28224A4E1F1DC53F004C9DEA /* main.swift */,
				28224A551F1DC54E004C9DEA /* Interpretor.swift */,
				28224A591F1DC7D6004C9DEA /* Button.swift */,
				28224A5B1F1DD651004C9DEA /* Solver.swift */,
			);
			path = "Calculator Game";
			sourceTree = "<group>";
		};
/* End PBXGroup section */

/* Begin PBXNativeTarget section */
		28224A4A1F1DC53F004C9DEA /* Calculator Game */ = {
			isa = PBXNativeTarget;
			buildConfigurationList = 28224A521F1DC53F004C9DEA /* Build configuration list for PBXNativeTarget "Calculator Game" */;
			buildPhases = (
				28224A471F1DC53F004C9DEA /* Sources */,
				28224A481F1DC53F004C9DEA /* Frameworks */,
				28224A491F1DC53F004C9DEA /* CopyFiles */,
			);
			buildRules = (
			);
			dependencies = (
			);
			name = "Calculator Game";
			productName = "Calculator Game";
			productReference = 28224A4B1F1DC53F004C9DEA /* Calculator Game */;
			productType = "com.apple.product-type.tool";
		};
/* End PBXNativeTarget section */

/* Begin PBXProject section */
		28224A431F1DC53F004C9DEA /* Project object */ = {
			isa = PBXProject;
			attributes = {
				LastSwiftUpdateCheck = 0820;
				LastUpgradeCheck = 0820;
				ORGANIZATIONNAME = "Liam Pierce";
				TargetAttributes = {
					28224A4A1F1DC53F004C9DEA = {
						CreatedOnToolsVersion = 8.2.1;
						ProvisioningStyle = Automatic;
					};
				};
			};
			buildConfigurationList = 28224A461F1DC53F004C9DEA /* Build configuration list for PBXProject "Calculator Game" */;
			compatibilityVersion = "Xcode 3.2";
			developmentRegion = English;
			hasScannedForEncodings = 0;
			knownRegions = (
				en,
			);
			mainGroup = 28224A421F1DC53F004C9DEA;
			productRefGroup = 28224A4C1F1DC53F004C9DEA /* Products */;
			projectDirPath = "";
			projectRoot = "";
			targets = (
				28224A4A1F1DC53F004C9DEA /* Calculator Game */,
			);
		};
/* End PBXProject section */

/* Begin PBXSourcesBuildPhase section */
		28224A471F1DC53F004C9DEA /* Sources */ = {
			isa = PBXSourcesBuildPhase;
			buildActionMask = 2147483647;
			files = (
				28224A5C1F1DD651004C9DEA /* Solver.swift in Sources */,
				28224A561F1DC54E004C9DEA /* Interpretor.swift in Sources */,
				28224A4F1F1DC53F004C9DEA /* main.swift in Sources */,
				28224A5A1F1DC7D6004C9DEA /* Button.swift in Sources */,
			);
			runOnlyForDeploymentPostprocessing = 0;
		};
/* End PBXSourcesBuildPhase section */

/* Begin XCBuildConfiguration section */
		28224A501F1DC53F004C9DEA /* Debug */ = {
			isa = XCBuildConfiguration;
			buildSettings = {
				ALWAYS_SEARCH_USER_PATHS = NO;
				CLANG_ANALYZER_NONNULL = YES;
				CLANG_CXX_LANGUAGE_STANDARD = "gnu++0x";
				CLANG_CXX_LIBRARY = "libc++";
				CLANG_ENABLE_MODULES = YES;
				CLANG_ENABLE_OBJC_ARC = YES;
				CLANG_WARN_BOOL_CONVERSION = YES;
				CLANG_WARN_CONSTANT_CONVERSION = YES;
				CLANG_WARN_DIRECT_OBJC_ISA_USAGE = YES_ERROR;
				CLANG_WARN_DOCUMENTATION_COMMENTS = YES;
				CLANG_WARN_EMPTY_BODY = YES;
				CLANG_WARN_ENUM_CONVERSION = YES;
				CLANG_WARN_INFINITE_RECURSION = YES;
				CLANG_WARN_INT_CONVERSION = YES;
				CLANG_WARN_OBJC_ROOT_CLASS = YES_ERROR;
				CLANG_WARN_SUSPICIOUS_MOVE = YES;
				CLANG_WARN_UNREACHABLE_CODE = YES;
				CLANG_WARN__DUPLICATE_METHOD_MATCH = YES;
				CODE_SIGN_IDENTITY = "-";
				COPY_PHASE_STRIP = NO;
				DEBUG_INFORMATION_FORMAT = dwarf;
				ENABLE_STRICT_OBJC_MSGSEND = YES;
				ENABLE_TESTABILITY = YES;
				GCC_C_LANGUAGE_STANDARD = gnu99;
				GCC_DYNAMIC_NO_PIC = NO;
				GCC_NO_COMMON_BLOCKS = YES;
				GCC_OPTIMIZATION_LEVEL = 0;
				GCC_PREPROCESSOR_DEFINITIONS = (
					"DEBUG=1",
					"$(inherited)",
				);
				GCC_WARN_64_TO_32_BIT_CONVERSION = YES;
				GCC_WARN_ABOUT_RETURN_TYPE = YES_ERROR;
				GCC_WARN_UNDECLARED_SELECTOR = YES;
				GCC_WARN_UNINITIALIZED_AUTOS = YES_AGGRESSIVE;
				GCC_WARN_UNUSED_FUNCTION = YES;
				GCC_WARN_UNUSED_VARIABLE = YES;
				MACOSX_DEPLOYMENT_TARGET = 10.12;
				MTL_ENABLE_DEBUG_INFO = YES;
				ONLY_ACTIVE_ARCH = YES;
				SDKROOT = macosx;
				SWIFT_OPTIMIZATION_LEVEL = "-Onone";
			};
			name = Debug;
		};
		28224A511F1DC53F004C9DEA /* Release */ = {
			isa = XCBuildConfiguration;
			buildSettings = {
				ALWAYS_SEARCH_USER_PATHS = NO;
				CLANG_ANALYZER_NONNULL = YES;
				CLANG_CXX_LANGUAGE_STANDARD = "gnu++0x";
				CLANG_CXX_LIBRARY = "libc++";
				CLANG_ENABLE_MODULES = YES;
				CLANG_ENABLE_OBJC_ARC = YES;
				CLANG_WARN_BOOL_CONVERSION = YES;
				CLANG_WARN_CONSTANT_CONVERSION = YES;
				CLANG_WARN_DIRECT_OBJC_ISA_USAGE = YES_ERROR;
				CLANG_WARN_DOCUMENTATION_COMMENTS = YES;
				CLANG_WARN_EMPTY_BODY = YES;
				CLANG_WARN_ENUM_CONVERSION = YES;
				CLANG_WARN_INFINITE_RECURSION = YES;
				CLANG_WARN_INT_CONVERSION = YES;
				CLANG_WARN_OBJC_ROOT_CLASS = YES_ERROR;
				CLANG_WARN_SUSPICIOUS_MOVE = YES;
				CLANG_WARN_UNREACHABLE_CODE = YES;
				CLANG_WARN__DUPLICATE_METHOD_MATCH = YES;
				CODE_SIGN_IDENTITY = "-";
				COPY_PHASE_STRIP = NO;
				DEBUG_INFORMATION_FORMAT = "dwarf-with-dsym";
				ENABLE_NS_ASSERTIONS = NO;
				ENABLE_STRICT_OBJC_MSGSEND = YES;
				GCC_C_LANGUAGE_STANDARD = gnu99;
				GCC_NO_COMMON_BLOCKS = YES;
				GCC_WARN_64_TO_32_BIT_CONVERSION = YES;
				GCC_WARN_ABOUT_RETURN_TYPE = YES_ERROR;
				GCC_WARN_UNDECLARED_SELECTOR = YES;
				GCC_WARN_UNINITIALIZED_AUTOS = YES_AGGRESSIVE;
				GCC_WARN_UNUSED_FUNCTION = YES;
				GCC_WARN_UNUSED_VARIABLE = YES;
				MACOSX_DEPLOYMENT_TARGET = 10.12;
				MTL_ENABLE_DEBUG_INFO = NO;
				SDKROOT = macosx;
			};
			name = Release;
		};
		28224A531F1DC53F004C9DEA /* Debug */ = {
			isa = XCBuildConfiguration;
			buildSettings = {
				PRODUCT_NAME = "$(TARGET_NAME)";
				SWIFT_VERSION = 3.0;
				SWIFT_WHOLE_MODULE_OPTIMIZATION = YES;
			};
			name = Debug;
		};
		28224A541F1DC53F004C9DEA /* Release */ = {
			isa = XCBuildConfiguration;
			buildSettings = {
				PRODUCT_NAME = "$(TARGET_NAME)";
				SWIFT_VERSION = 3.0;
				SWIFT_WHOLE_MODULE_OPTIMIZATION = YES;
			};
			name = Release;
		};
/* End XCBuildConfiguration section */

/* Begin XCConfigurationList section */
		28224A461F1DC53F004C9DEA /* Build configuration list for PBXProject "Calculator Game" */ = {
			isa = XCConfigurationList;
			buildConfigurations = (
				28224A501F1DC53F004C9DEA /* Debug */,
				28224A511F1DC53F004C9DEA /* Release */,
			);
			defaultConfigurationIsVisible = 0;
			defaultConfigurationName = Release;
		};
		28224A521F1DC53F004C9DEA /* Build configuration list for PBXNativeTarget "Calculator Game" */ = {
			isa = XCConfigurationList;
			buildConfigurations = (
				28224A531F1DC53F004C9DEA /* Debug */,
				28224A541F1DC53F004C9DEA /* Release */,
			);
			defaultConfigurationIsVisible = 0;
			defaultConfigurationName = Release;
		};
/* End XCConfigurationList section */
	};
	rootObject = 28224A431F1DC53F004C9DEA /* Project object */;
}
